
Microsoft Visual Studio Solution File, Format Version 12.00
# Visual Studio Version 16
VisualStudioVersion = 16.0.31605.320
MinimumVisualStudioVersion = 10.0.40219.1
Project("{FAE04EC0-301F-11D3-BF4B-00C04F79EFBC}") = "DataStructure1", "DataStructure1.csproj", "{D1C008FC-51D5-4E5E-A7FF-24A9B5CE0C4F}"
EndProject
Project("{FAE04EC0-301F-11D3-BF4B-00C04F79EFBC}") = "Sorting", "..\Sorting\Sorting.csproj", "{F555CC94-D4C4-4138-814E-64635483D224}"
EndProject
Global
	GlobalSection(SolutionConfigurationPlatforms) = preSolution
		Debug|Any CPU = Debug|Any CPU
		Release|Any CPU = Release|Any CPU
	EndGlobalSection
	GlobalSection(ProjectConfigurationPlatforms) = postSolution
		{D1C008FC-51D5-4E5E-A7FF-24A9B5CE0C4F}.Debug|Any CPU.ActiveCfg = Debug|Any CPU
		{D1C008FC-51D5-4E5E-A7FF-24A9B5CE0C4F}.Debug|Any CPU.Build.0 = Debug|Any CPU
		{D1C008FC-51D5-4E5E-A7FF-24A9B5CE0C4F}.Release|Any CPU.ActiveCfg = Release|Any CPU
		{D1C008FC-51D5-4E5E-A7FF-24A9B5CE0C4F}.Release|Any CPU.Build.0 = Release|Any CPU
		{F555CC94-D4C4-4138-814E-64635483D224}.Debug|Any CPU.ActiveCfg = Debug|Any CPU
		{F555CC94-D4C4-4138-814E-64635483D224}.Debug|Any CPU.Build.0 = Debug|Any CPU
		{F555CC94-D4C4-4138-814E-64635483D224}.Release|Any CPU.ActiveCfg = Release|Any CPU
		{F555CC94-D4C4-4138-814E-64635483D224}.Release|Any CPU.Build.0 = Release|Any CPU
	EndGlobalSection
	GlobalSection(SolutionProperties) = preSolution
		HideSolutionNode = FALSE
	EndGlobalSection
	GlobalSection(ExtensibilityGlobals) = postSolution
		SolutionGuid = {FEB7B5CF-B0A4-4D6F-B1A5-D65FD07B140D}
	EndGlobalSection
EndGlobal
