
Microsoft Visual Studio Solution File, Format Version 12.00
# Visual Studio Version 16
VisualStudioVersion = 16.0.31605.320
MinimumVisualStudioVersion = 10.0.40219.1
Project("{FAE04EC0-301F-11D3-BF4B-00C04F79EFBC}") = "Sort_Algorithm_Visualization", "Sort_Algorithm_Visualization.csproj", "{03658B4F-E566-46DA-85A4-77123C4ACC44}"
EndProject
Global
	GlobalSection(SolutionConfigurationPlatforms) = preSolution
		Debug|Any CPU = Debug|Any CPU
		Release|Any CPU = Release|Any CPU
	EndGlobalSection
	GlobalSection(ProjectConfigurationPlatforms) = postSolution
		{03658B4F-E566-46DA-85A4-77123C4ACC44}.Debug|Any CPU.ActiveCfg = Debug|Any CPU
		{03658B4F-E566-46DA-85A4-77123C4ACC44}.Debug|Any CPU.Build.0 = Debug|Any CPU
		{03658B4F-E566-46DA-85A4-77123C4ACC44}.Release|Any CPU.ActiveCfg = Release|Any CPU
		{03658B4F-E566-46DA-85A4-77123C4ACC44}.Release|Any CPU.Build.0 = Release|Any CPU
	EndGlobalSection
	GlobalSection(SolutionProperties) = preSolution
		HideSolutionNode = FALSE
	EndGlobalSection
	GlobalSection(ExtensibilityGlobals) = postSolution
		SolutionGuid = {4D679CB2-75B0-470A-ABC0-80755E1FE5B5}
	EndGlobalSection
EndGlobal
