
Microsoft Visual Studio Solution File, Format Version 12.00
# Visual Studio Version 16
VisualStudioVersion = 16.0.31605.320
MinimumVisualStudioVersion = 10.0.40219.1
Project("{FAE04EC0-301F-11D3-BF4B-00C04F79EFBC}") = "DataStructure_Exp", "DataStructure_Exp.csproj", "{FCB6F58F-1C81-429B-8AFA-9F7DE12F051C}"
EndProject
Global
	GlobalSection(SolutionConfigurationPlatforms) = preSolution
		Debug|Any CPU = Debug|Any CPU
		Release|Any CPU = Release|Any CPU
	EndGlobalSection
	GlobalSection(ProjectConfigurationPlatforms) = postSolution
		{FCB6F58F-1C81-429B-8AFA-9F7DE12F051C}.Debug|Any CPU.ActiveCfg = Debug|Any CPU
		{FCB6F58F-1C81-429B-8AFA-9F7DE12F051C}.Debug|Any CPU.Build.0 = Debug|Any CPU
		{FCB6F58F-1C81-429B-8AFA-9F7DE12F051C}.Release|Any CPU.ActiveCfg = Release|Any CPU
		{FCB6F58F-1C81-429B-8AFA-9F7DE12F051C}.Release|Any CPU.Build.0 = Release|Any CPU
	EndGlobalSection
	GlobalSection(SolutionProperties) = preSolution
		HideSolutionNode = FALSE
	EndGlobalSection
	GlobalSection(ExtensibilityGlobals) = postSolution
		SolutionGuid = {26080914-EAD6-49C4-97F6-05AEB30AE6E2}
	EndGlobalSection
EndGlobal
